// !$*UTF8*$!
{
	archiveVersion = 1;
	classes = {
	};
	objectVersion = 46;
	objects = {

/* Begin PBXBuildFile section */
		BF6953181C89566700435E5A /* AppDelegate.swift in Sources */ = {isa = PBXBuildFile; fileRef = BF6953171C89566700435E5A /* AppDelegate.swift */; };
		BF69531A1C89566700435E5A /* ViewController.swift in Sources */ = {isa = PBXBuildFile; fileRef = BF6953191C89566700435E5A /* ViewController.swift */; };
		BF69531D1C89566700435E5A /* Main.storyboard in Resources */ = {isa = PBXBuildFile; fileRef = BF69531B1C89566700435E5A /* Main.storyboard */; };
		BF6953201C89566700435E5A /* recipez.xcdatamodeld in Sources */ = {isa = PBXBuildFile; fileRef = BF69531E1C89566700435E5A /* recipez.xcdatamodeld */; };
		BF6953221C89566700435E5A /* Assets.xcassets in Resources */ = {isa = PBXBuildFile; fileRef = BF6953211C89566700435E5A /* Assets.xcassets */; };
		BF6953251C89566700435E5A /* LaunchScreen.storyboard in Resources */ = {isa = PBXBuildFile; fileRef = BF6953231C89566700435E5A /* LaunchScreen.storyboard */; };
		BF6953311C96020300435E5A /* Recipe+CoreDataProperties.swift in Sources */ = {isa = PBXBuildFile; fileRef = BF69532F1C96020300435E5A /* Recipe+CoreDataProperties.swift */; };
		BF6953321C96020300435E5A /* Recipe.swift in Sources */ = {isa = PBXBuildFile; fileRef = BF6953301C96020300435E5A /* Recipe.swift */; };
		BF6953341C9606BA00435E5A /* RecipeCell.swift in Sources */ = {isa = PBXBuildFile; fileRef = BF6953331C9606BA00435E5A /* RecipeCell.swift */; };
/* End PBXBuildFile section */

/* Begin PBXFileReference section */
		BF6953141C89566700435E5A /* recipez.app */ = {isa = PBXFileReference; explicitFileType = wrapper.application; includeInIndex = 0; path = recipez.app; sourceTree = BUILT_PRODUCTS_DIR; };
		BF6953171C89566700435E5A /* AppDelegate.swift */ = {isa = PBXFileReference; lastKnownFileType = sourcecode.swift; path = AppDelegate.swift; sourceTree = "<group>"; };
		BF6953191C89566700435E5A /* ViewController.swift */ = {isa = PBXFileReference; lastKnownFileType = sourcecode.swift; path = ViewController.swift; sourceTree = "<group>"; };
		BF69531C1C89566700435E5A /* Base */ = {isa = PBXFileReference; lastKnownFileType = file.storyboard; name = Base; path = Base.lproj/Main.storyboard; sourceTree = "<group>"; };
		BF69531F1C89566700435E5A /* recipez.xcdatamodel */ = {isa = PBXFileReference; lastKnownFileType = wrapper.xcdatamodel; path = recipez.xcdatamodel; sourceTree = "<group>"; };
		BF6953211C89566700435E5A /* Assets.xcassets */ = {isa = PBXFileReference; lastKnownFileType = folder.assetcatalog; path = Assets.xcassets; sourceTree = "<group>"; };
		BF6953241C89566700435E5A /* Base */ = {isa = PBXFileReference; lastKnownFileType = file.storyboard; name = Base; path = Base.lproj/LaunchScreen.storyboard; sourceTree = "<group>"; };
		BF6953261C89566700435E5A /* Info.plist */ = {isa = PBXFileReference; lastKnownFileType = text.plist.xml; path = Info.plist; sourceTree = "<group>"; };
		BF69532F1C96020300435E5A /* Recipe+CoreDataProperties.swift */ = {isa = PBXFileReference; fileEncoding = 4; lastKnownFileType = sourcecode.swift; name = "Recipe+CoreDataProperties.swift"; path = "../Recipe+CoreDataProperties.swift"; sourceTree = "<group>"; };
		BF6953301C96020300435E5A /* Recipe.swift */ = {isa = PBXFileReference; fileEncoding = 4; lastKnownFileType = sourcecode.swift; name = Recipe.swift; path = ../Recipe.swift; sourceTree = "<group>"; };
		BF6953331C9606BA00435E5A /* RecipeCell.swift */ = {isa = PBXFileReference; fileEncoding = 4; lastKnownFileType = sourcecode.swift; path = RecipeCell.swift; sourceTree = "<group>"; };
/* End PBXFileReference section */

/* Begin PBXFrameworksBuildPhase section */
		BF6953111C89566700435E5A /* Frameworks */ = {
			isa = PBXFrameworksBuildPhase;
			buildActionMask = 2147483647;
			files = (
			);
			runOnlyForDeploymentPostprocessing = 0;
		};
/* End PBXFrameworksBuildPhase section */

/* Begin PBXGroup section */
		BF69530B1C89566700435E5A = {
			isa = PBXGroup;
			children = (
				BF6953161C89566700435E5A /* recipez */,
				BF6953151C89566700435E5A /* Products */,
			);
			sourceTree = "<group>";
		};
		BF6953151C89566700435E5A /* Products */ = {
			isa = PBXGroup;
			children = (
				BF6953141C89566700435E5A /* recipez.app */,
			);
			name = Products;
			sourceTree = "<group>";
		};
		BF6953161C89566700435E5A /* recipez */ = {
			isa = PBXGroup;
			children = (
				BF69532C1C96017D00435E5A /* Model */,
				BF69532D1C96018500435E5A /* View */,
				BF69532E1C96018B00435E5A /* Controller */,
				BF6953171C89566700435E5A /* AppDelegate.swift */,
				BF69531B1C89566700435E5A /* Main.storyboard */,
				BF6953211C89566700435E5A /* Assets.xcassets */,
				BF6953231C89566700435E5A /* LaunchScreen.storyboard */,
				BF6953261C89566700435E5A /* Info.plist */,
				BF69531E1C89566700435E5A /* recipez.xcdatamodeld */,
			);
			path = recipez;
			sourceTree = "<group>";
		};
		BF69532C1C96017D00435E5A /* Model */ = {
			isa = PBXGroup;
			children = (
				BF69532F1C96020300435E5A /* Recipe+CoreDataProperties.swift */,
				BF6953301C96020300435E5A /* Recipe.swift */,
			);
			name = Model;
			sourceTree = "<group>";
		};
		BF69532D1C96018500435E5A /* View */ = {
			isa = PBXGroup;
			children = (
				BF6953331C9606BA00435E5A /* RecipeCell.swift */,
			);
			name = View;
			sourceTree = "<group>";
		};
		BF69532E1C96018B00435E5A /* Controller */ = {
			isa = PBXGroup;
			children = (
				BF6953191C89566700435E5A /* ViewController.swift */,
			);
			name = Controller;
			sourceTree = "<group>";
		};
/* End PBXGroup section */

/* Begin PBXNativeTarget section */
		BF6953131C89566700435E5A /* recipez */ = {
			isa = PBXNativeTarget;
			buildConfigurationList = BF6953291C89566700435E5A /* Build configuration list for PBXNativeTarget "recipez" */;
			buildPhases = (
				BF6953101C89566700435E5A /* Sources */,
				BF6953111C89566700435E5A /* Frameworks */,
				BF6953121C89566700435E5A /* Resources */,
			);
			buildRules = (
			);
			dependencies = (
			);
			name = recipez;
			productName = recipez;
			productReference = BF6953141C89566700435E5A /* recipez.app */;
			productType = "com.apple.product-type.application";
		};
/* End PBXNativeTarget section */

/* Begin PBXProject section */
		BF69530C1C89566700435E5A /* Project object */ = {
			isa = PBXProject;
			attributes = {
				LastSwiftUpdateCheck = 0720;
				LastUpgradeCheck = 0720;
				ORGANIZATIONNAME = "Jimmy Brown";
				TargetAttributes = {
					BF6953131C89566700435E5A = {
						CreatedOnToolsVersion = 7.2.1;
						DevelopmentTeam = 22HUHPT9D9;
					};
				};
			};
			buildConfigurationList = BF69530F1C89566700435E5A /* Build configuration list for PBXProject "recipez" */;
			compatibilityVersion = "Xcode 3.2";
			developmentRegion = English;
			hasScannedForEncodings = 0;
			knownRegions = (
				en,
				Base,
			);
			mainGroup = BF69530B1C89566700435E5A;
			productRefGroup = BF6953151C89566700435E5A /* Products */;
			projectDirPath = "";
			projectRoot = "";
			targets = (
				BF6953131C89566700435E5A /* recipez */,
			);
		};
/* End PBXProject section */

/* Begin PBXResourcesBuildPhase section */
		BF6953121C89566700435E5A /* Resources */ = {
			isa = PBXResourcesBuildPhase;
			buildActionMask = 2147483647;
			files = (
				BF6953251C89566700435E5A /* LaunchScreen.storyboard in Resources */,
				BF6953221C89566700435E5A /* Assets.xcassets in Resources */,
				BF69531D1C89566700435E5A /* Main.storyboard in Resources */,
			);
			runOnlyForDeploymentPostprocessing = 0;
		};
/* End PBXResourcesBuildPhase section */

/* Begin PBXSourcesBuildPhase section */
		BF6953101C89566700435E5A /* Sources */ = {
			isa = PBXSourcesBuildPhase;
			buildActionMask = 2147483647;
			files = (
				BF69531A1C89566700435E5A /* ViewController.swift in Sources */,
				BF6953311C96020300435E5A /* Recipe+CoreDataProperties.swift in Sources */,
				BF6953181C89566700435E5A /* AppDelegate.swift in Sources */,
				BF6953341C9606BA00435E5A /* RecipeCell.swift in Sources */,
				BF6953201C89566700435E5A /* recipez.xcdatamodeld in Sources */,
				BF6953321C96020300435E5A /* Recipe.swift in Sources */,
			);
			runOnlyForDeploymentPostprocessing = 0;
		};
/* End PBXSourcesBuildPhase section */

/* Begin PBXVariantGroup section */
		BF69531B1C89566700435E5A /* Main.storyboard */ = {
			isa = PBXVariantGroup;
			children = (
				BF69531C1C89566700435E5A /* Base */,
			);
			name = Main.storyboard;
			sourceTree = "<group>";
		};
		BF6953231C89566700435E5A /* LaunchScreen.storyboard */ = {
			isa = PBXVariantGroup;
			children = (
				BF6953241C89566700435E5A /* Base */,
			);
			name = LaunchScreen.storyboard;
			sourceTree = "<group>";
		};
/* End PBXVariantGroup section */

/* Begin XCBuildConfiguration section */
		BF6953271C89566700435E5A /* Debug */ = {
			isa = XCBuildConfiguration;
			buildSettings = {
				ALWAYS_SEARCH_USER_PATHS = NO;
				CLANG_CXX_LANGUAGE_STANDARD = "gnu++0x";
				CLANG_CXX_LIBRARY = "libc++";
				CLANG_ENABLE_MODULES = YES;
				CLANG_ENABLE_OBJC_ARC = YES;
				CLANG_WARN_BOOL_CONVERSION = YES;
				CLANG_WARN_CONSTANT_CONVERSION = YES;
				CLANG_WARN_DIRECT_OBJC_ISA_USAGE = YES_ERROR;
				CLANG_WARN_EMPTY_BODY = YES;
				CLANG_WARN_ENUM_CONVERSION = YES;
				CLANG_WARN_INT_CONVERSION = YES;
				CLANG_WARN_OBJC_ROOT_CLASS = YES_ERROR;
				CLANG_WARN_UNREACHABLE_CODE = YES;
				CLANG_WARN__DUPLICATE_METHOD_MATCH = YES;
				"CODE_SIGN_IDENTITY[sdk=iphoneos*]" = "iPhone Developer";
				COPY_PHASE_STRIP = NO;
				DEBUG_INFORMATION_FORMAT = dwarf;
				ENABLE_STRICT_OBJC_MSGSEND = YES;
				ENABLE_TESTABILITY = YES;
				GCC_C_LANGUAGE_STANDARD = gnu99;
				GCC_DYNAMIC_NO_PIC = NO;
				GCC_NO_COMMON_BLOCKS = YES;
				GCC_OPTIMIZATION_LEVEL = 0;
				GCC_PREPROCESSOR_DEFINITIONS = (
					"DEBUG=1",
					"$(inherited)",
				);
				GCC_WARN_64_TO_32_BIT_CONVERSION = YES;
				GCC_WARN_ABOUT_RETURN_TYPE = YES_ERROR;
				GCC_WARN_UNDECLARED_SELECTOR = YES;
				GCC_WARN_UNINITIALIZED_AUTOS = YES_AGGRESSIVE;
				GCC_WARN_UNUSED_FUNCTION = YES;
				GCC_WARN_UNUSED_VARIABLE = YES;
				IPHONEOS_DEPLOYMENT_TARGET = 9.2;
				MTL_ENABLE_DEBUG_INFO = YES;
				ONLY_ACTIVE_ARCH = YES;
				SDKROOT = iphoneos;
				SWIFT_OPTIMIZATION_LEVEL = "-Onone";
				TARGETED_DEVICE_FAMILY = "1,2";
			};
			name = Debug;
		};
		BF6953281C89566700435E5A /* Release */ = {
			isa = XCBuildConfiguration;
			buildSettings = {
				ALWAYS_SEARCH_USER_PATHS = NO;
				CLANG_CXX_LANGUAGE_STANDARD = "gnu++0x";
				CLANG_CXX_LIBRARY = "libc++";
				CLANG_ENABLE_MODULES = YES;
				CLANG_ENABLE_OBJC_ARC = YES;
				CLANG_WARN_BOOL_CONVERSION = YES;
				CLANG_WARN_CONSTANT_CONVERSION = YES;
				CLANG_WARN_DIRECT_OBJC_ISA_USAGE = YES_ERROR;
				CLANG_WARN_EMPTY_BODY = YES;
				CLANG_WARN_ENUM_CONVERSION = YES;
				CLANG_WARN_INT_CONVERSION = YES;
				CLANG_WARN_OBJC_ROOT_CLASS = YES_ERROR;
				CLANG_WARN_UNREACHABLE_CODE = YES;
				CLANG_WARN__DUPLICATE_METHOD_MATCH = YES;
				"CODE_SIGN_IDENTITY[sdk=iphoneos*]" = "iPhone Developer";
				COPY_PHASE_STRIP = NO;
				DEBUG_INFORMATION_FORMAT = "dwarf-with-dsym";
				ENABLE_NS_ASSERTIONS = NO;
				ENABLE_STRICT_OBJC_MSGSEND = YES;
				GCC_C_LANGUAGE_STANDARD = gnu99;
				GCC_NO_COMMON_BLOCKS = YES;
				GCC_WARN_64_TO_32_BIT_CONVERSION = YES;
				GCC_WARN_ABOUT_RETURN_TYPE = YES_ERROR;
				GCC_WARN_UNDECLARED_SELECTOR = YES;
				GCC_WARN_UNINITIALIZED_AUTOS = YES_AGGRESSIVE;
				GCC_WARN_UNUSED_FUNCTION = YES;
				GCC_WARN_UNUSED_VARIABLE = YES;
				IPHONEOS_DEPLOYMENT_TARGET = 9.2;
				MTL_ENABLE_DEBUG_INFO = NO;
				SDKROOT = iphoneos;
				TARGETED_DEVICE_FAMILY = "1,2";
				VALIDATE_PRODUCT = YES;
			};
			name = Release;
		};
		BF69532A1C89566700435E5A /* Debug */ = {
			isa = XCBuildConfiguration;
			buildSettings = {
				ASSETCATALOG_COMPILER_APPICON_NAME = AppIcon;
				INFOPLIST_FILE = recipez/Info.plist;
				LD_RUNPATH_SEARCH_PATHS = "$(inherited) @executable_path/Frameworks";
				PRODUCT_BUNDLE_IDENTIFIER = tech.jimmy.recipez;
				PRODUCT_NAME = "$(TARGET_NAME)";
			};
			name = Debug;
		};
		BF69532B1C89566700435E5A /* Release */ = {
			isa = XCBuildConfiguration;
			buildSettings = {
				ASSETCATALOG_COMPILER_APPICON_NAME = AppIcon;
				INFOPLIST_FILE = recipez/Info.plist;
				LD_RUNPATH_SEARCH_PATHS = "$(inherited) @executable_path/Frameworks";
				PRODUCT_BUNDLE_IDENTIFIER = tech.jimmy.recipez;
				PRODUCT_NAME = "$(TARGET_NAME)";
			};
			name = Release;
		};
/* End XCBuildConfiguration section */

/* Begin XCConfigurationList section */
		BF69530F1C89566700435E5A /* Build configuration list for PBXProject "recipez" */ = {
			isa = XCConfigurationList;
			buildConfigurations = (
				BF6953271C89566700435E5A /* Debug */,
				BF6953281C89566700435E5A /* Release */,
			);
			defaultConfigurationIsVisible = 0;
			defaultConfigurationName = Release;
		};
		BF6953291C89566700435E5A /* Build configuration list for PBXNativeTarget "recipez" */ = {
			isa = XCConfigurationList;
			buildConfigurations = (
				BF69532A1C89566700435E5A /* Debug */,
				BF69532B1C89566700435E5A /* Release */,
			);
			defaultConfigurationIsVisible = 0;
			defaultConfigurationName = Release;
		};
/* End XCConfigurationList section */

/* Begin XCVersionGroup section */
		BF69531E1C89566700435E5A /* recipez.xcdatamodeld */ = {
			isa = XCVersionGroup;
			children = (
				BF69531F1C89566700435E5A /* recipez.xcdatamodel */,
			);
			currentVersion = BF69531F1C89566700435E5A /* recipez.xcdatamodel */;
			path = recipez.xcdatamodeld;
			sourceTree = "<group>";
			versionGroupType = wrapper.xcdatamodel;
		};
/* End XCVersionGroup section */
	};
	rootObject = BF69530C1C89566700435E5A /* Project object */;
}
